// !$*UTF8*$!
{
	archiveVersion = 1;
	classes = {
	};
	objectVersion = 77;
	objects = {

/* Begin PBXContainerItemProxy section */
		6EA446F72DAF4ED200E36322 /* PBXContainerItemProxy */ = {
			isa = PBXContainerItemProxy;
			containerPortal = 6EA446E12DAF4ECF00E36322 /* Project object */;
			proxyType = 1;
			remoteGlobalIDString = 6EA446E82DAF4ECF00E36322;
			remoteInfo = "Owenisas Music";
		};
		6EA447012DAF4ED200E36322 /* PBXContainerItemProxy */ = {
			isa = PBXContainerItemProxy;
			containerPortal = 6EA446E12DAF4ECF00E36322 /* Project object */;
			proxyType = 1;
			remoteGlobalIDString = 6EA446E82DAF4ECF00E36322;
			remoteInfo = "Owenisas Music";
		};
/* End PBXContainerItemProxy section */

/* Begin PBXFileReference section */
		6EA446E92DAF4ECF00E36322 /* Owenisas Music.app */ = {isa = PBXFileReference; explicitFileType = wrapper.application; includeInIndex = 0; path = "Owenisas Music.app"; sourceTree = BUILT_PRODUCTS_DIR; };
		6EA446F62DAF4ED200E36322 /* Owenisas MusicTests.xctest */ = {isa = PBXFileReference; explicitFileType = wrapper.cfbundle; includeInIndex = 0; path = "Owenisas MusicTests.xctest"; sourceTree = BUILT_PRODUCTS_DIR; };
		6EA447002DAF4ED200E36322 /* Owenisas MusicUITests.xctest */ = {isa = PBXFileReference; explicitFileType = wrapper.cfbundle; includeInIndex = 0; path = "Owenisas MusicUITests.xctest"; sourceTree = BUILT_PRODUCTS_DIR; };
/* End PBXFileReference section */

/* Begin PBXFileSystemSynchronizedRootGroup section */
		6EA446EB2DAF4ECF00E36322 /* Owenisas Music */ = {
			isa = PBXFileSystemSynchronizedRootGroup;
			path = "Owenisas Music";
			sourceTree = "<group>";
		};
		6EA446F92DAF4ED200E36322 /* Owenisas MusicTests */ = {
			isa = PBXFileSystemSynchronizedRootGroup;
			path = "Owenisas MusicTests";
			sourceTree = "<group>";
		};
		6EA447032DAF4ED200E36322 /* Owenisas MusicUITests */ = {
			isa = PBXFileSystemSynchronizedRootGroup;
			path = "Owenisas MusicUITests";
			sourceTree = "<group>";
		};
/* End PBXFileSystemSynchronizedRootGroup section */

/* Begin PBXFrameworksBuildPhase section */
		6EA446E62DAF4ECF00E36322 /* Frameworks */ = {
			isa = PBXFrameworksBuildPhase;
			buildActionMask = 2147483647;
			files = (
			);
			runOnlyForDeploymentPostprocessing = 0;
		};
		6EA446F32DAF4ED200E36322 /* Frameworks */ = {
			isa = PBXFrameworksBuildPhase;
			buildActionMask = 2147483647;
			files = (
			);
			runOnlyForDeploymentPostprocessing = 0;
		};
		6EA446FD2DAF4ED200E36322 /* Frameworks */ = {
			isa = PBXFrameworksBuildPhase;
			buildActionMask = 2147483647;
			files = (
			);
			runOnlyForDeploymentPostprocessing = 0;
		};
/* End PBXFrameworksBuildPhase section */

/* Begin PBXGroup section */
		6EA446E02DAF4ECF00E36322 = {
			isa = PBXGroup;
			children = (
				6EA446EB2DAF4ECF00E36322 /* Owenisas Music */,
				6EA446F92DAF4ED200E36322 /* Owenisas MusicTests */,
				6EA447032DAF4ED200E36322 /* Owenisas MusicUITests */,
				6EA446EA2DAF4ECF00E36322 /* Products */,
			);
			sourceTree = "<group>";
		};
		6EA446EA2DAF4ECF00E36322 /* Products */ = {
			isa = PBXGroup;
			children = (
				6EA446E92DAF4ECF00E36322 /* Owenisas Music.app */,
				6EA446F62DAF4ED200E36322 /* Owenisas MusicTests.xctest */,
				6EA447002DAF4ED200E36322 /* Owenisas MusicUITests.xctest */,
			);
			name = Products;
			sourceTree = "<group>";
		};
/* End PBXGroup section */

/* Begin PBXNativeTarget section */
		6EA446E82DAF4ECF00E36322 /* Owenisas Music */ = {
			isa = PBXNativeTarget;
			buildConfigurationList = 6EA4470A2DAF4ED200E36322 /* Build configuration list for PBXNativeTarget "Owenisas Music" */;
			buildPhases = (
				6EA446E52DAF4ECF00E36322 /* Sources */,
				6EA446E62DAF4ECF00E36322 /* Frameworks */,
				6EA446E72DAF4ECF00E36322 /* Resources */,
			);
			buildRules = (
			);
			dependencies = (
			);
			fileSystemSynchronizedGroups = (
				6EA446EB2DAF4ECF00E36322 /* Owenisas Music */,
			);
			name = "Owenisas Music";
			packageProductDependencies = (
			);
			productName = "Owenisas Music";
			productReference = 6EA446E92DAF4ECF00E36322 /* Owenisas Music.app */;
			productType = "com.apple.product-type.application";
		};
		6EA446F52DAF4ED200E36322 /* Owenisas MusicTests */ = {
			isa = PBXNativeTarget;
			buildConfigurationList = 6EA4470D2DAF4ED200E36322 /* Build configuration list for PBXNativeTarget "Owenisas MusicTests" */;
			buildPhases = (
				6EA446F22DAF4ED200E36322 /* Sources */,
				6EA446F32DAF4ED200E36322 /* Frameworks */,
				6EA446F42DAF4ED200E36322 /* Resources */,
			);
			buildRules = (
			);
			dependencies = (
				6EA446F82DAF4ED200E36322 /* PBXTargetDependency */,
			);
			fileSystemSynchronizedGroups = (
				6EA446F92DAF4ED200E36322 /* Owenisas MusicTests */,
			);
			name = "Owenisas MusicTests";
			packageProductDependencies = (
			);
			productName = "Owenisas MusicTests";
			productReference = 6EA446F62DAF4ED200E36322 /* Owenisas MusicTests.xctest */;
			productType = "com.apple.product-type.bundle.unit-test";
		};
		6EA446FF2DAF4ED200E36322 /* Owenisas MusicUITests */ = {
			isa = PBXNativeTarget;
			buildConfigurationList = 6EA447102DAF4ED200E36322 /* Build configuration list for PBXNativeTarget "Owenisas MusicUITests" */;
			buildPhases = (
				6EA446FC2DAF4ED200E36322 /* Sources */,
				6EA446FD2DAF4ED200E36322 /* Frameworks */,
				6EA446FE2DAF4ED200E36322 /* Resources */,
			);
			buildRules = (
			);
			dependencies = (
				6EA447022DAF4ED200E36322 /* PBXTargetDependency */,
			);
			fileSystemSynchronizedGroups = (
				6EA447032DAF4ED200E36322 /* Owenisas MusicUITests */,
			);
			name = "Owenisas MusicUITests";
			packageProductDependencies = (
			);
			productName = "Owenisas MusicUITests";
			productReference = 6EA447002DAF4ED200E36322 /* Owenisas MusicUITests.xctest */;
			productType = "com.apple.product-type.bundle.ui-testing";
		};
/* End PBXNativeTarget section */

/* Begin PBXProject section */
		6EA446E12DAF4ECF00E36322 /* Project object */ = {
			isa = PBXProject;
			attributes = {
				BuildIndependentTargetsInParallel = 1;
				LastSwiftUpdateCheck = 1630;
				LastUpgradeCheck = 1630;
				TargetAttributes = {
					6EA446E82DAF4ECF00E36322 = {
						CreatedOnToolsVersion = 16.3;
					};
					6EA446F52DAF4ED200E36322 = {
						CreatedOnToolsVersion = 16.3;
						TestTargetID = 6EA446E82DAF4ECF00E36322;
					};
					6EA446FF2DAF4ED200E36322 = {
						CreatedOnToolsVersion = 16.3;
						TestTargetID = 6EA446E82DAF4ECF00E36322;
					};
				};
			};
			buildConfigurationList = 6EA446E42DAF4ECF00E36322 /* Build configuration list for PBXProject "Owenisas Music" */;
			developmentRegion = en;
			hasScannedForEncodings = 0;
			knownRegions = (
				en,
				Base,
			);
			mainGroup = 6EA446E02DAF4ECF00E36322;
			minimizedProjectReferenceProxies = 1;
			preferredProjectObjectVersion = 77;
			productRefGroup = 6EA446EA2DAF4ECF00E36322 /* Products */;
			projectDirPath = "";
			projectRoot = "";
			targets = (
				6EA446E82DAF4ECF00E36322 /* Owenisas Music */,
				6EA446F52DAF4ED200E36322 /* Owenisas MusicTests */,
				6EA446FF2DAF4ED200E36322 /* Owenisas MusicUITests */,
			);
		};
/* End PBXProject section */

/* Begin PBXResourcesBuildPhase section */
		6EA446E72DAF4ECF00E36322 /* Resources */ = {
			isa = PBXResourcesBuildPhase;
			buildActionMask = 2147483647;
			files = (
			);
			runOnlyForDeploymentPostprocessing = 0;
		};
		6EA446F42DAF4ED200E36322 /* Resources */ = {
			isa = PBXResourcesBuildPhase;
			buildActionMask = 2147483647;
			files = (
			);
			runOnlyForDeploymentPostprocessing = 0;
		};
		6EA446FE2DAF4ED200E36322 /* Resources */ = {
			isa = PBXResourcesBuildPhase;
			buildActionMask = 2147483647;
			files = (
			);
			runOnlyForDeploymentPostprocessing = 0;
		};
/* End PBXResourcesBuildPhase section */

/* Begin PBXSourcesBuildPhase section */
		6EA446E52DAF4ECF00E36322 /* Sources */ = {
			isa = PBXSourcesBuildPhase;
			buildActionMask = 2147483647;
			files = (
			);
			runOnlyForDeploymentPostprocessing = 0;
		};
		6EA446F22DAF4ED200E36322 /* Sources */ = {
			isa = PBXSourcesBuildPhase;
			buildActionMask = 2147483647;
			files = (
			);
			runOnlyForDeploymentPostprocessing = 0;
		};
		6EA446FC2DAF4ED200E36322 /* Sources */ = {
			isa = PBXSourcesBuildPhase;
			buildActionMask = 2147483647;
			files = (
			);
			runOnlyForDeploymentPostprocessing = 0;
		};
/* End PBXSourcesBuildPhase section */

/* Begin PBXTargetDependency section */
		6EA446F82DAF4ED200E36322 /* PBXTargetDependency */ = {
			isa = PBXTargetDependency;
			target = 6EA446E82DAF4ECF00E36322 /* Owenisas Music */;
			targetProxy = 6EA446F72DAF4ED200E36322 /* PBXContainerItemProxy */;
		};
		6EA447022DAF4ED200E36322 /* PBXTargetDependency */ = {
			isa = PBXTargetDependency;
			target = 6EA446E82DAF4ECF00E36322 /* Owenisas Music */;
			targetProxy = 6EA447012DAF4ED200E36322 /* PBXContainerItemProxy */;
		};
/* End PBXTargetDependency section */

/* Begin XCBuildConfiguration section */
		6EA447082DAF4ED200E36322 /* Debug */ = {
			isa = XCBuildConfiguration;
			buildSettings = {
				ALWAYS_SEARCH_USER_PATHS = NO;
				ASSETCATALOG_COMPILER_GENERATE_SWIFT_ASSET_SYMBOL_EXTENSIONS = YES;
				CLANG_ANALYZER_NONNULL = YES;
				CLANG_ANALYZER_NUMBER_OBJECT_CONVERSION = YES_AGGRESSIVE;
				CLANG_CXX_LANGUAGE_STANDARD = "gnu++20";
				CLANG_ENABLE_MODULES = YES;
				CLANG_ENABLE_OBJC_ARC = YES;
				CLANG_ENABLE_OBJC_WEAK = YES;
				CLANG_WARN_BLOCK_CAPTURE_AUTORELEASING = YES;
				CLANG_WARN_BOOL_CONVERSION = YES;
				CLANG_WARN_COMMA = YES;
				CLANG_WARN_CONSTANT_CONVERSION = YES;
				CLANG_WARN_DEPRECATED_OBJC_IMPLEMENTATIONS = YES;
				CLANG_WARN_DIRECT_OBJC_ISA_USAGE = YES_ERROR;
				CLANG_WARN_DOCUMENTATION_COMMENTS = YES;
				CLANG_WARN_EMPTY_BODY = YES;
				CLANG_WARN_ENUM_CONVERSION = YES;
				CLANG_WARN_INFINITE_RECURSION = YES;
				CLANG_WARN_INT_CONVERSION = YES;
				CLANG_WARN_NON_LITERAL_NULL_CONVERSION = YES;
				CLANG_WARN_OBJC_IMPLICIT_RETAIN_SELF = YES;
				CLANG_WARN_OBJC_LITERAL_CONVERSION = YES;
				CLANG_WARN_OBJC_ROOT_CLASS = YES_ERROR;
				CLANG_WARN_QUOTED_INCLUDE_IN_FRAMEWORK_HEADER = YES;
				CLANG_WARN_RANGE_LOOP_ANALYSIS = YES;
				CLANG_WARN_STRICT_PROTOTYPES = YES;
				CLANG_WARN_SUSPICIOUS_MOVE = YES;
				CLANG_WARN_UNGUARDED_AVAILABILITY = YES_AGGRESSIVE;
				CLANG_WARN_UNREACHABLE_CODE = YES;
				CLANG_WARN__DUPLICATE_METHOD_MATCH = YES;
				COPY_PHASE_STRIP = NO;
				DEBUG_INFORMATION_FORMAT = dwarf;
				ENABLE_STRICT_OBJC_MSGSEND = YES;
				ENABLE_TESTABILITY = YES;
				ENABLE_USER_SCRIPT_SANDBOXING = YES;
				GCC_C_LANGUAGE_STANDARD = gnu17;
				GCC_DYNAMIC_NO_PIC = NO;
				GCC_NO_COMMON_BLOCKS = YES;
				GCC_OPTIMIZATION_LEVEL = 0;
				GCC_PREPROCESSOR_DEFINITIONS = (
					"DEBUG=1",
					"$(inherited)",
				);
				GCC_WARN_64_TO_32_BIT_CONVERSION = YES;
				GCC_WARN_ABOUT_RETURN_TYPE = YES_ERROR;
				GCC_WARN_UNDECLARED_SELECTOR = YES;
				GCC_WARN_UNINITIALIZED_AUTOS = YES_AGGRESSIVE;
				GCC_WARN_UNUSED_FUNCTION = YES;
				GCC_WARN_UNUSED_VARIABLE = YES;
				IPHONEOS_DEPLOYMENT_TARGET = 18.4;
				LOCALIZATION_PREFERS_STRING_CATALOGS = YES;
				MTL_ENABLE_DEBUG_INFO = INCLUDE_SOURCE;
				MTL_FAST_MATH = YES;
				ONLY_ACTIVE_ARCH = YES;
				SDKROOT = iphoneos;
				SWIFT_ACTIVE_COMPILATION_CONDITIONS = "DEBUG $(inherited)";
				SWIFT_OPTIMIZATION_LEVEL = "-Onone";
			};
			name = Debug;
		};
		6EA447092DAF4ED200E36322 /* Release */ = {
			isa = XCBuildConfiguration;
			buildSettings = {
				ALWAYS_SEARCH_USER_PATHS = NO;
				ASSETCATALOG_COMPILER_GENERATE_SWIFT_ASSET_SYMBOL_EXTENSIONS = YES;
				CLANG_ANALYZER_NONNULL = YES;
				CLANG_ANALYZER_NUMBER_OBJECT_CONVERSION = YES_AGGRESSIVE;
				CLANG_CXX_LANGUAGE_STANDARD = "gnu++20";
				CLANG_ENABLE_MODULES = YES;
				CLANG_ENABLE_OBJC_ARC = YES;
				CLANG_ENABLE_OBJC_WEAK = YES;
				CLANG_WARN_BLOCK_CAPTURE_AUTORELEASING = YES;
				CLANG_WARN_BOOL_CONVERSION = YES;
				CLANG_WARN_COMMA = YES;
				CLANG_WARN_CONSTANT_CONVERSION = YES;
				CLANG_WARN_DEPRECATED_OBJC_IMPLEMENTATIONS = YES;
				CLANG_WARN_DIRECT_OBJC_ISA_USAGE = YES_ERROR;
				CLANG_WARN_DOCUMENTATION_COMMENTS = YES;
				CLANG_WARN_EMPTY_BODY = YES;
				CLANG_WARN_ENUM_CONVERSION = YES;
				CLANG_WARN_INFINITE_RECURSION = YES;
				CLANG_WARN_INT_CONVERSION = YES;
				CLANG_WARN_NON_LITERAL_NULL_CONVERSION = YES;
				CLANG_WARN_OBJC_IMPLICIT_RETAIN_SELF = YES;
				CLANG_WARN_OBJC_LITERAL_CONVERSION = YES;
				CLANG_WARN_OBJC_ROOT_CLASS = YES_ERROR;
				CLANG_WARN_QUOTED_INCLUDE_IN_FRAMEWORK_HEADER = YES;
				CLANG_WARN_RANGE_LOOP_ANALYSIS = YES;
				CLANG_WARN_STRICT_PROTOTYPES = YES;
				CLANG_WARN_SUSPICIOUS_MOVE = YES;
				CLANG_WARN_UNGUARDED_AVAILABILITY = YES_AGGRESSIVE;
				CLANG_WARN_UNREACHABLE_CODE = YES;
				CLANG_WARN__DUPLICATE_METHOD_MATCH = YES;
				COPY_PHASE_STRIP = NO;
				DEBUG_INFORMATION_FORMAT = "dwarf-with-dsym";
				ENABLE_NS_ASSERTIONS = NO;
				ENABLE_STRICT_OBJC_MSGSEND = YES;
				ENABLE_USER_SCRIPT_SANDBOXING = YES;
				GCC_C_LANGUAGE_STANDARD = gnu17;
				GCC_NO_COMMON_BLOCKS = YES;
				GCC_WARN_64_TO_32_BIT_CONVERSION = YES;
				GCC_WARN_ABOUT_RETURN_TYPE = YES_ERROR;
				GCC_WARN_UNDECLARED_SELECTOR = YES;
				GCC_WARN_UNINITIALIZED_AUTOS = YES_AGGRESSIVE;
				GCC_WARN_UNUSED_FUNCTION = YES;
				GCC_WARN_UNUSED_VARIABLE = YES;
				IPHONEOS_DEPLOYMENT_TARGET = 18.4;
				LOCALIZATION_PREFERS_STRING_CATALOGS = YES;
				MTL_ENABLE_DEBUG_INFO = NO;
				MTL_FAST_MATH = YES;
				SDKROOT = iphoneos;
				SWIFT_COMPILATION_MODE = wholemodule;
				VALIDATE_PRODUCT = YES;
			};
			name = Release;
		};
		6EA4470B2DAF4ED200E36322 /* Debug */ = {
			isa = XCBuildConfiguration;
			buildSettings = {
				ASSETCATALOG_COMPILER_APPICON_NAME = AppIcon;
				ASSETCATALOG_COMPILER_GLOBAL_ACCENT_COLOR_NAME = AccentColor;
				CODE_SIGN_STYLE = Automatic;
				CURRENT_PROJECT_VERSION = 1;
				DEVELOPMENT_TEAM = 3LHSL95J9H;
				ENABLE_PREVIEWS = YES;
				GENERATE_INFOPLIST_FILE = YES;
				INFOPLIST_FILE = "Owenisas-Music-Info.plist";
				INFOPLIST_KEY_CFBundleDisplayName = "Owenisas Music";
				INFOPLIST_KEY_LSSupportsOpeningDocumentsInPlace = YES;
				INFOPLIST_KEY_UIApplicationSceneManifest_Generation = YES;
				INFOPLIST_KEY_UIApplicationSupportsIndirectInputEvents = YES;
				INFOPLIST_KEY_UILaunchScreen_Generation = YES;
				INFOPLIST_KEY_UISupportedInterfaceOrientations_iPad = "UIInterfaceOrientationPortrait UIInterfaceOrientationPortraitUpsideDown UIInterfaceOrientationLandscapeLeft UIInterfaceOrientationLandscapeRight";
				INFOPLIST_KEY_UISupportedInterfaceOrientations_iPhone = "UIInterfaceOrientationPortrait UIInterfaceOrientationLandscapeLeft UIInterfaceOrientationLandscapeRight";
				LD_RUNPATH_SEARCH_PATHS = (
					"$(inherited)",
					"@executable_path/Frameworks",
				);
				MARKETING_VERSION = 1.0;
				PRODUCT_BUNDLE_IDENTIFIER = "com.Owenisas-Music";
				PRODUCT_NAME = "$(TARGET_NAME)";
				SWIFT_EMIT_LOC_STRINGS = YES;
				SWIFT_VERSION = 5.0;
				TARGETED_DEVICE_FAMILY = "1,2";
			};
			name = Debug;
		};
		6EA4470C2DAF4ED200E36322 /* Release */ = {
			isa = XCBuildConfiguration;
			buildSettings = {
				ASSETCATALOG_COMPILER_APPICON_NAME = AppIcon;
				ASSETCATALOG_COMPILER_GLOBAL_ACCENT_COLOR_NAME = AccentColor;
				CODE_SIGN_STYLE = Automatic;
				CURRENT_PROJECT_VERSION = 1;
				DEVELOPMENT_TEAM = 3LHSL95J9H;
				ENABLE_PREVIEWS = YES;
				GENERATE_INFOPLIST_FILE = YES;
				INFOPLIST_FILE = "Owenisas-Music-Info.plist";
				INFOPLIST_KEY_CFBundleDisplayName = "Owenisas Music";
				INFOPLIST_KEY_LSSupportsOpeningDocumentsInPlace = YES;
				INFOPLIST_KEY_UIApplicationSceneManifest_Generation = YES;
				INFOPLIST_KEY_UIApplicationSupportsIndirectInputEvents = YES;
				INFOPLIST_KEY_UILaunchScreen_Generation = YES;
				INFOPLIST_KEY_UISupportedInterfaceOrientations_iPad = "UIInterfaceOrientationPortrait UIInterfaceOrientationPortraitUpsideDown UIInterfaceOrientationLandscapeLeft UIInterfaceOrientationLandscapeRight";
				INFOPLIST_KEY_UISupportedInterfaceOrientations_iPhone = "UIInterfaceOrientationPortrait UIInterfaceOrientationLandscapeLeft UIInterfaceOrientationLandscapeRight";
				LD_RUNPATH_SEARCH_PATHS = (
					"$(inherited)",
					"@executable_path/Frameworks",
				);
				MARKETING_VERSION = 1.0;
				PRODUCT_BUNDLE_IDENTIFIER = "com.Owenisas-Music";
				PRODUCT_NAME = "$(TARGET_NAME)";
				SWIFT_EMIT_LOC_STRINGS = YES;
				SWIFT_VERSION = 5.0;
				TARGETED_DEVICE_FAMILY = "1,2";
			};
			name = Release;
		};
		6EA4470E2DAF4ED200E36322 /* Debug */ = {
			isa = XCBuildConfiguration;
			buildSettings = {
				BUNDLE_LOADER = "$(TEST_HOST)";
				CODE_SIGN_STYLE = Automatic;
				CURRENT_PROJECT_VERSION = 1;
				GENERATE_INFOPLIST_FILE = YES;
				IPHONEOS_DEPLOYMENT_TARGET = 18.4;
				MARKETING_VERSION = 1.0;
				PRODUCT_BUNDLE_IDENTIFIER = "com.Owenisas-MusicTests";
				PRODUCT_NAME = "$(TARGET_NAME)";
				SWIFT_EMIT_LOC_STRINGS = NO;
				SWIFT_VERSION = 5.0;
				TARGETED_DEVICE_FAMILY = "1,2";
				TEST_HOST = "$(BUILT_PRODUCTS_DIR)/Owenisas Music.app/$(BUNDLE_EXECUTABLE_FOLDER_PATH)/Owenisas Music";
			};
			name = Debug;
		};
		6EA4470F2DAF4ED200E36322 /* Release */ = {
			isa = XCBuildConfiguration;
			buildSettings = {
				BUNDLE_LOADER = "$(TEST_HOST)";
				CODE_SIGN_STYLE = Automatic;
				CURRENT_PROJECT_VERSION = 1;
				GENERATE_INFOPLIST_FILE = YES;
				IPHONEOS_DEPLOYMENT_TARGET = 18.4;
				MARKETING_VERSION = 1.0;
				PRODUCT_BUNDLE_IDENTIFIER = "com.Owenisas-MusicTests";
				PRODUCT_NAME = "$(TARGET_NAME)";
				SWIFT_EMIT_LOC_STRINGS = NO;
				SWIFT_VERSION = 5.0;
				TARGETED_DEVICE_FAMILY = "1,2";
				TEST_HOST = "$(BUILT_PRODUCTS_DIR)/Owenisas Music.app/$(BUNDLE_EXECUTABLE_FOLDER_PATH)/Owenisas Music";
			};
			name = Release;
		};
		6EA447112DAF4ED200E36322 /* Debug */ = {
			isa = XCBuildConfiguration;
			buildSettings = {
				CODE_SIGN_STYLE = Automatic;
				CURRENT_PROJECT_VERSION = 1;
				GENERATE_INFOPLIST_FILE = YES;
				MARKETING_VERSION = 1.0;
				PRODUCT_BUNDLE_IDENTIFIER = "com.Owenisas-MusicUITests";
				PRODUCT_NAME = "$(TARGET_NAME)";
				SWIFT_EMIT_LOC_STRINGS = NO;
				SWIFT_VERSION = 5.0;
				TARGETED_DEVICE_FAMILY = "1,2";
				TEST_TARGET_NAME = "Owenisas Music";
			};
			name = Debug;
		};
		6EA447122DAF4ED200E36322 /* Release */ = {
			isa = XCBuildConfiguration;
			buildSettings = {
				CODE_SIGN_STYLE = Automatic;
				CURRENT_PROJECT_VERSION = 1;
				GENERATE_INFOPLIST_FILE = YES;
				MARKETING_VERSION = 1.0;
				PRODUCT_BUNDLE_IDENTIFIER = "com.Owenisas-MusicUITests";
				PRODUCT_NAME = "$(TARGET_NAME)";
				SWIFT_EMIT_LOC_STRINGS = NO;
				SWIFT_VERSION = 5.0;
				TARGETED_DEVICE_FAMILY = "1,2";
				TEST_TARGET_NAME = "Owenisas Music";
			};
			name = Release;
		};
/* End XCBuildConfiguration section */

/* Begin XCConfigurationList section */
		6EA446E42DAF4ECF00E36322 /* Build configuration list for PBXProject "Owenisas Music" */ = {
			isa = XCConfigurationList;
			buildConfigurations = (
				6EA447082DAF4ED200E36322 /* Debug */,
				6EA447092DAF4ED200E36322 /* Release */,
			);
			defaultConfigurationIsVisible = 0;
			defaultConfigurationName = Release;
		};
		6EA4470A2DAF4ED200E36322 /* Build configuration list for PBXNativeTarget "Owenisas Music" */ = {
			isa = XCConfigurationList;
			buildConfigurations = (
				6EA4470B2DAF4ED200E36322 /* Debug */,
				6EA4470C2DAF4ED200E36322 /* Release */,
			);
			defaultConfigurationIsVisible = 0;
			defaultConfigurationName = Release;
		};
		6EA4470D2DAF4ED200E36322 /* Build configuration list for PBXNativeTarget "Owenisas MusicTests" */ = {
			isa = XCConfigurationList;
			buildConfigurations = (
				6EA4470E2DAF4ED200E36322 /* Debug */,
				6EA4470F2DAF4ED200E36322 /* Release */,
			);
			defaultConfigurationIsVisible = 0;
			defaultConfigurationName = Release;
		};
		6EA447102DAF4ED200E36322 /* Build configuration list for PBXNativeTarget "Owenisas MusicUITests" */ = {
			isa = XCConfigurationList;
			buildConfigurations = (
				6EA447112DAF4ED200E36322 /* Debug */,
				6EA447122DAF4ED200E36322 /* Release */,
			);
			defaultConfigurationIsVisible = 0;
			defaultConfigurationName = Release;
		};
/* End XCConfigurationList section */
	};
	rootObject = 6EA446E12DAF4ECF00E36322 /* Project object */;
}
